// !$*UTF8*$!
{
	archiveVersion = 1;
	classes = {
	};
	objectVersion = 50;
	objects = {

/* Begin PBXBuildFile section */
		A10AFF1024850B2A00D8112A /* CustomTableViewCell.swift in Sources */ = {isa = PBXBuildFile; fileRef = A10AFF0F24850B2A00D8112A /* CustomTableViewCell.swift */; };
		A10AFF122485105500D8112A /* PlaceModel.swift in Sources */ = {isa = PBXBuildFile; fileRef = A10AFF112485105500D8112A /* PlaceModel.swift */; };
		A1F95F2C248185FB003302E3 /* AppDelegate.swift in Sources */ = {isa = PBXBuildFile; fileRef = A1F95F2B248185FB003302E3 /* AppDelegate.swift */; };
		A1F95F2E248185FB003302E3 /* SceneDelegate.swift in Sources */ = {isa = PBXBuildFile; fileRef = A1F95F2D248185FB003302E3 /* SceneDelegate.swift */; };
		A1F95F33248185FB003302E3 /* Main.storyboard in Resources */ = {isa = PBXBuildFile; fileRef = A1F95F31248185FB003302E3 /* Main.storyboard */; };
		A1F95F3524818600003302E3 /* Assets.xcassets in Resources */ = {isa = PBXBuildFile; fileRef = A1F95F3424818600003302E3 /* Assets.xcassets */; };
		A1F95F3824818600003302E3 /* LaunchScreen.storyboard in Resources */ = {isa = PBXBuildFile; fileRef = A1F95F3624818600003302E3 /* LaunchScreen.storyboard */; };
		A1F95F4024818C46003302E3 /* TableViewController.swift in Sources */ = {isa = PBXBuildFile; fileRef = A1F95F3F24818C46003302E3 /* TableViewController.swift */; };
/* End PBXBuildFile section */

/* Begin PBXFileReference section */
		A10AFF0F24850B2A00D8112A /* CustomTableViewCell.swift */ = {isa = PBXFileReference; lastKnownFileType = sourcecode.swift; path = CustomTableViewCell.swift; sourceTree = "<group>"; };
		A10AFF112485105500D8112A /* PlaceModel.swift */ = {isa = PBXFileReference; lastKnownFileType = sourcecode.swift; path = PlaceModel.swift; sourceTree = "<group>"; };
		A1F95F28248185FB003302E3 /* RestaurantRate.app */ = {isa = PBXFileReference; explicitFileType = wrapper.application; includeInIndex = 0; path = RestaurantRate.app; sourceTree = BUILT_PRODUCTS_DIR; };
		A1F95F2B248185FB003302E3 /* AppDelegate.swift */ = {isa = PBXFileReference; lastKnownFileType = sourcecode.swift; path = AppDelegate.swift; sourceTree = "<group>"; };
		A1F95F2D248185FB003302E3 /* SceneDelegate.swift */ = {isa = PBXFileReference; lastKnownFileType = sourcecode.swift; path = SceneDelegate.swift; sourceTree = "<group>"; };
		A1F95F32248185FB003302E3 /* Base */ = {isa = PBXFileReference; lastKnownFileType = file.storyboard; name = Base; path = Base.lproj/Main.storyboard; sourceTree = "<group>"; };
		A1F95F3424818600003302E3 /* Assets.xcassets */ = {isa = PBXFileReference; lastKnownFileType = folder.assetcatalog; path = Assets.xcassets; sourceTree = "<group>"; };
		A1F95F3724818600003302E3 /* Base */ = {isa = PBXFileReference; lastKnownFileType = file.storyboard; name = Base; path = Base.lproj/LaunchScreen.storyboard; sourceTree = "<group>"; };
		A1F95F3924818600003302E3 /* Info.plist */ = {isa = PBXFileReference; lastKnownFileType = text.plist.xml; path = Info.plist; sourceTree = "<group>"; };
		A1F95F3F24818C46003302E3 /* TableViewController.swift */ = {isa = PBXFileReference; lastKnownFileType = sourcecode.swift; path = TableViewController.swift; sourceTree = "<group>"; };
/* End PBXFileReference section */

/* Begin PBXFrameworksBuildPhase section */
		A1F95F25248185FB003302E3 /* Frameworks */ = {
			isa = PBXFrameworksBuildPhase;
			buildActionMask = 2147483647;
			files = (
			);
			runOnlyForDeploymentPostprocessing = 0;
		};
/* End PBXFrameworksBuildPhase section */

/* Begin PBXGroup section */
		A1F95F1F248185FB003302E3 = {
			isa = PBXGroup;
			children = (
				A1F95F2A248185FB003302E3 /* RestaurantRate */,
				A1F95F29248185FB003302E3 /* Products */,
			);
			sourceTree = "<group>";
		};
		A1F95F29248185FB003302E3 /* Products */ = {
			isa = PBXGroup;
			children = (
				A1F95F28248185FB003302E3 /* RestaurantRate.app */,
			);
			name = Products;
			sourceTree = "<group>";
		};
		A1F95F2A248185FB003302E3 /* RestaurantRate */ = {
			isa = PBXGroup;
			children = (
				A1F95F2B248185FB003302E3 /* AppDelegate.swift */,
				A1F95F2D248185FB003302E3 /* SceneDelegate.swift */,
				A1F95F3F24818C46003302E3 /* TableViewController.swift */,
				A10AFF0F24850B2A00D8112A /* CustomTableViewCell.swift */,
				A10AFF112485105500D8112A /* PlaceModel.swift */,
				A1F95F31248185FB003302E3 /* Main.storyboard */,
				A1F95F3424818600003302E3 /* Assets.xcassets */,
				A1F95F3624818600003302E3 /* LaunchScreen.storyboard */,
				A1F95F3924818600003302E3 /* Info.plist */,
			);
			path = RestaurantRate;
			sourceTree = "<group>";
		};
/* End PBXGroup section */

/* Begin PBXNativeTarget section */
		A1F95F27248185FB003302E3 /* RestaurantRate */ = {
			isa = PBXNativeTarget;
			buildConfigurationList = A1F95F3C24818600003302E3 /* Build configuration list for PBXNativeTarget "RestaurantRate" */;
			buildPhases = (
				A1F95F24248185FB003302E3 /* Sources */,
				A1F95F25248185FB003302E3 /* Frameworks */,
				A1F95F26248185FB003302E3 /* Resources */,
			);
			buildRules = (
			);
			dependencies = (
			);
			name = RestaurantRate;
			productName = RestaurantRate;
			productReference = A1F95F28248185FB003302E3 /* RestaurantRate.app */;
			productType = "com.apple.product-type.application";
		};
/* End PBXNativeTarget section */

/* Begin PBXProject section */
		A1F95F20248185FB003302E3 /* Project object */ = {
			isa = PBXProject;
			attributes = {
				LastSwiftUpdateCheck = 1130;
				LastUpgradeCheck = 1130;
				ORGANIZATIONNAME = "Минтимер Харасов";
				TargetAttributes = {
					A1F95F27248185FB003302E3 = {
						CreatedOnToolsVersion = 11.3.1;
					};
				};
			};
			buildConfigurationList = A1F95F23248185FB003302E3 /* Build configuration list for PBXProject "RestaurantRate" */;
			compatibilityVersion = "Xcode 9.3";
			developmentRegion = en;
			hasScannedForEncodings = 0;
			knownRegions = (
				en,
				Base,
			);
			mainGroup = A1F95F1F248185FB003302E3;
			productRefGroup = A1F95F29248185FB003302E3 /* Products */;
			projectDirPath = "";
			projectRoot = "";
			targets = (
				A1F95F27248185FB003302E3 /* RestaurantRate */,
			);
		};
/* End PBXProject section */

/* Begin PBXResourcesBuildPhase section */
		A1F95F26248185FB003302E3 /* Resources */ = {
			isa = PBXResourcesBuildPhase;
			buildActionMask = 2147483647;
			files = (
				A1F95F3824818600003302E3 /* LaunchScreen.storyboard in Resources */,
				A1F95F3524818600003302E3 /* Assets.xcassets in Resources */,
				A1F95F33248185FB003302E3 /* Main.storyboard in Resources */,
			);
			runOnlyForDeploymentPostprocessing = 0;
		};
/* End PBXResourcesBuildPhase section */

/* Begin PBXSourcesBuildPhase section */
		A1F95F24248185FB003302E3 /* Sources */ = {
			isa = PBXSourcesBuildPhase;
			buildActionMask = 2147483647;
			files = (
				A1F95F2C248185FB003302E3 /* AppDelegate.swift in Sources */,
				A1F95F4024818C46003302E3 /* TableViewController.swift in Sources */,
				A10AFF122485105500D8112A /* PlaceModel.swift in Sources */,
				A10AFF1024850B2A00D8112A /* CustomTableViewCell.swift in Sources */,
				A1F95F2E248185FB003302E3 /* SceneDelegate.swift in Sources */,
			);
			runOnlyForDeploymentPostprocessing = 0;
		};
/* End PBXSourcesBuildPhase section */

/* Begin PBXVariantGroup section */
		A1F95F31248185FB003302E3 /* Main.storyboard */ = {
			isa = PBXVariantGroup;
			children = (
				A1F95F32248185FB003302E3 /* Base */,
			);
			name = Main.storyboard;
			sourceTree = "<group>";
		};
		A1F95F3624818600003302E3 /* LaunchScreen.storyboard */ = {
			isa = PBXVariantGroup;
			children = (
				A1F95F3724818600003302E3 /* Base */,
			);
			name = LaunchScreen.storyboard;
			sourceTree = "<group>";
		};
/* End PBXVariantGroup section */

/* Begin XCBuildConfiguration section */
		A1F95F3A24818600003302E3 /* Debug */ = {
			isa = XCBuildConfiguration;
			buildSettings = {
				ALWAYS_SEARCH_USER_PATHS = NO;
				CLANG_ANALYZER_NONNULL = YES;
				CLANG_ANALYZER_NUMBER_OBJECT_CONVERSION = YES_AGGRESSIVE;
				CLANG_CXX_LANGUAGE_STANDARD = "gnu++14";
				CLANG_CXX_LIBRARY = "libc++";
				CLANG_ENABLE_MODULES = YES;
				CLANG_ENABLE_OBJC_ARC = YES;
				CLANG_ENABLE_OBJC_WEAK = YES;
				CLANG_WARN_BLOCK_CAPTURE_AUTORELEASING = YES;
				CLANG_WARN_BOOL_CONVERSION = YES;
				CLANG_WARN_COMMA = YES;
				CLANG_WARN_CONSTANT_CONVERSION = YES;
				CLANG_WARN_DEPRECATED_OBJC_IMPLEMENTATIONS = YES;
				CLANG_WARN_DIRECT_OBJC_ISA_USAGE = YES_ERROR;
				CLANG_WARN_DOCUMENTATION_COMMENTS = YES;
				CLANG_WARN_EMPTY_BODY = YES;
				CLANG_WARN_ENUM_CONVERSION = YES;
				CLANG_WARN_INFINITE_RECURSION = YES;
				CLANG_WARN_INT_CONVERSION = YES;
				CLANG_WARN_NON_LITERAL_NULL_CONVERSION = YES;
				CLANG_WARN_OBJC_IMPLICIT_RETAIN_SELF = YES;
				CLANG_WARN_OBJC_LITERAL_CONVERSION = YES;
				CLANG_WARN_OBJC_ROOT_CLASS = YES_ERROR;
				CLANG_WARN_RANGE_LOOP_ANALYSIS = YES;
				CLANG_WARN_STRICT_PROTOTYPES = YES;
				CLANG_WARN_SUSPICIOUS_MOVE = YES;
				CLANG_WARN_UNGUARDED_AVAILABILITY = YES_AGGRESSIVE;
				CLANG_WARN_UNREACHABLE_CODE = YES;
				CLANG_WARN__DUPLICATE_METHOD_MATCH = YES;
				COPY_PHASE_STRIP = NO;
				DEBUG_INFORMATION_FORMAT = dwarf;
				ENABLE_STRICT_OBJC_MSGSEND = YES;
				ENABLE_TESTABILITY = YES;
				GCC_C_LANGUAGE_STANDARD = gnu11;
				GCC_DYNAMIC_NO_PIC = NO;
				GCC_NO_COMMON_BLOCKS = YES;
				GCC_OPTIMIZATION_LEVEL = 0;
				GCC_PREPROCESSOR_DEFINITIONS = (
					"DEBUG=1",
					"$(inherited)",
				);
				GCC_WARN_64_TO_32_BIT_CONVERSION = YES;
				GCC_WARN_ABOUT_RETURN_TYPE = YES_ERROR;
				GCC_WARN_UNDECLARED_SELECTOR = YES;
				GCC_WARN_UNINITIALIZED_AUTOS = YES_AGGRESSIVE;
				GCC_WARN_UNUSED_FUNCTION = YES;
				GCC_WARN_UNUSED_VARIABLE = YES;
				IPHONEOS_DEPLOYMENT_TARGET = 13.2;
				MTL_ENABLE_DEBUG_INFO = INCLUDE_SOURCE;
				MTL_FAST_MATH = YES;
				ONLY_ACTIVE_ARCH = YES;
				SDKROOT = iphoneos;
				SWIFT_ACTIVE_COMPILATION_CONDITIONS = DEBUG;
				SWIFT_OPTIMIZATION_LEVEL = "-Onone";
			};
			name = Debug;
		};
		A1F95F3B24818600003302E3 /* Release */ = {
			isa = XCBuildConfiguration;
			buildSettings = {
				ALWAYS_SEARCH_USER_PATHS = NO;
				CLANG_ANALYZER_NONNULL = YES;
				CLANG_ANALYZER_NUMBER_OBJECT_CONVERSION = YES_AGGRESSIVE;
				CLANG_CXX_LANGUAGE_STANDARD = "gnu++14";
				CLANG_CXX_LIBRARY = "libc++";
				CLANG_ENABLE_MODULES = YES;
				CLANG_ENABLE_OBJC_ARC = YES;
				CLANG_ENABLE_OBJC_WEAK = YES;
				CLANG_WARN_BLOCK_CAPTURE_AUTORELEASING = YES;
				CLANG_WARN_BOOL_CONVERSION = YES;
				CLANG_WARN_COMMA = YES;
				CLANG_WARN_CONSTANT_CONVERSION = YES;
				CLANG_WARN_DEPRECATED_OBJC_IMPLEMENTATIONS = YES;
				CLANG_WARN_DIRECT_OBJC_ISA_USAGE = YES_ERROR;
				CLANG_WARN_DOCUMENTATION_COMMENTS = YES;
				CLANG_WARN_EMPTY_BODY = YES;
				CLANG_WARN_ENUM_CONVERSION = YES;
				CLANG_WARN_INFINITE_RECURSION = YES;
				CLANG_WARN_INT_CONVERSION = YES;
				CLANG_WARN_NON_LITERAL_NULL_CONVERSION = YES;
				CLANG_WARN_OBJC_IMPLICIT_RETAIN_SELF = YES;
				CLANG_WARN_OBJC_LITERAL_CONVERSION = YES;
				CLANG_WARN_OBJC_ROOT_CLASS = YES_ERROR;
				CLANG_WARN_RANGE_LOOP_ANALYSIS = YES;
				CLANG_WARN_STRICT_PROTOTYPES = YES;
				CLANG_WARN_SUSPICIOUS_MOVE = YES;
				CLANG_WARN_UNGUARDED_AVAILABILITY = YES_AGGRESSIVE;
				CLANG_WARN_UNREACHABLE_CODE = YES;
				CLANG_WARN__DUPLICATE_METHOD_MATCH = YES;
				COPY_PHASE_STRIP = NO;
				DEBUG_INFORMATION_FORMAT = "dwarf-with-dsym";
				ENABLE_NS_ASSERTIONS = NO;
				ENABLE_STRICT_OBJC_MSGSEND = YES;
				GCC_C_LANGUAGE_STANDARD = gnu11;
				GCC_NO_COMMON_BLOCKS = YES;
				GCC_WARN_64_TO_32_BIT_CONVERSION = YES;
				GCC_WARN_ABOUT_RETURN_TYPE = YES_ERROR;
				GCC_WARN_UNDECLARED_SELECTOR = YES;
				GCC_WARN_UNINITIALIZED_AUTOS = YES_AGGRESSIVE;
				GCC_WARN_UNUSED_FUNCTION = YES;
				GCC_WARN_UNUSED_VARIABLE = YES;
				IPHONEOS_DEPLOYMENT_TARGET = 13.2;
				MTL_ENABLE_DEBUG_INFO = NO;
				MTL_FAST_MATH = YES;
				SDKROOT = iphoneos;
				SWIFT_COMPILATION_MODE = wholemodule;
				SWIFT_OPTIMIZATION_LEVEL = "-O";
				VALIDATE_PRODUCT = YES;
			};
			name = Release;
		};
		A1F95F3D24818600003302E3 /* Debug */ = {
			isa = XCBuildConfiguration;
			buildSettings = {
				ASSETCATALOG_COMPILER_APPICON_NAME = AppIcon;
				CODE_SIGN_STYLE = Automatic;
				DEVELOPMENT_TEAM = 36C4837FH7;
				INFOPLIST_FILE = RestaurantRate/Info.plist;
				LD_RUNPATH_SEARCH_PATHS = (
					"$(inherited)",
					"@executable_path/Frameworks",
				);
				PRODUCT_BUNDLE_IDENTIFIER = com.mintimer.RestaurantRate;
				PRODUCT_NAME = "$(TARGET_NAME)";
				SWIFT_VERSION = 5.0;
				TARGETED_DEVICE_FAMILY = "1,2";
			};
			name = Debug;
		};
		A1F95F3E24818600003302E3 /* Release */ = {
			isa = XCBuildConfiguration;
			buildSettings = {
				ASSETCATALOG_COMPILER_APPICON_NAME = AppIcon;
				CODE_SIGN_STYLE = Automatic;
				DEVELOPMENT_TEAM = 36C4837FH7;
				INFOPLIST_FILE = RestaurantRate/Info.plist;
				LD_RUNPATH_SEARCH_PATHS = (
					"$(inherited)",
					"@executable_path/Frameworks",
				);
				PRODUCT_BUNDLE_IDENTIFIER = com.mintimer.RestaurantRate;
				PRODUCT_NAME = "$(TARGET_NAME)";
				SWIFT_VERSION = 5.0;
				TARGETED_DEVICE_FAMILY = "1,2";
			};
			name = Release;
		};
/* End XCBuildConfiguration section */

/* Begin XCConfigurationList section */
		A1F95F23248185FB003302E3 /* Build configuration list for PBXProject "RestaurantRate" */ = {
			isa = XCConfigurationList;
			buildConfigurations = (
				A1F95F3A24818600003302E3 /* Debug */,
				A1F95F3B24818600003302E3 /* Release */,
			);
			defaultConfigurationIsVisible = 0;
			defaultConfigurationName = Release;
		};
		A1F95F3C24818600003302E3 /* Build configuration list for PBXNativeTarget "RestaurantRate" */ = {
			isa = XCConfigurationList;
			buildConfigurations = (
				A1F95F3D24818600003302E3 /* Debug */,
				A1F95F3E24818600003302E3 /* Release */,
			);
			defaultConfigurationIsVisible = 0;
			defaultConfigurationName = Release;
		};
/* End XCConfigurationList section */
	};
	rootObject = A1F95F20248185FB003302E3 /* Project object */;
}
